
Microsoft Visual Studio Solution File, Format Version 12.00
# Visual Studio Version 17
VisualStudioVersion = 17.5.002.0
MinimumVisualStudioVersion = 10.0.40219.1
Project("{9A19103F-16F7-4668-BE54-9A1E7A4F7556}") = "conceitos", "conceitos.csproj", "{37E77434-AAA7-4F20-8204-0C51C9CD6C36}"
EndProject
Global
	GlobalSection(SolutionConfigurationPlatforms) = preSolution
		Debug|Any CPU = Debug|Any CPU
		Release|Any CPU = Release|Any CPU
	EndGlobalSection
	GlobalSection(ProjectConfigurationPlatforms) = postSolution
		{37E77434-AAA7-4F20-8204-0C51C9CD6C36}.Debug|Any CPU.ActiveCfg = Debug|Any CPU
		{37E77434-AAA7-4F20-8204-0C51C9CD6C36}.Debug|Any CPU.Build.0 = Debug|Any CPU
		{37E77434-AAA7-4F20-8204-0C51C9CD6C36}.Release|Any CPU.ActiveCfg = Release|Any CPU
		{37E77434-AAA7-4F20-8204-0C51C9CD6C36}.Release|Any CPU.Build.0 = Release|Any CPU
	EndGlobalSection
	GlobalSection(SolutionProperties) = preSolution
		HideSolutionNode = FALSE
	EndGlobalSection
	GlobalSection(ExtensibilityGlobals) = postSolution
		SolutionGuid = {42E3B80E-EF5A-4BFD-8F83-73FB64F0B00A}
	EndGlobalSection
EndGlobal
